
Microsoft Visual Studio Solution File, Format Version 12.00
# Visual Studio Version 16
VisualStudioVersion = 16.0.31702.278
MinimumVisualStudioVersion = 10.0.40219.1
Project("{FAE04EC0-301F-11D3-BF4B-00C04F79EFBC}") = "SQ_ASSIGN-02", "SQ_ASSIGN-02\SQ_ASSIGN-02.csproj", "{0F6343D4-D4B4-4391-B1C5-9EDBA38EFF44}"
EndProject
Global
	GlobalSection(SolutionConfigurationPlatforms) = preSolution
		Debug|Any CPU = Debug|Any CPU
		Release|Any CPU = Release|Any CPU
	EndGlobalSection
	GlobalSection(ProjectConfigurationPlatforms) = postSolution
		{0F6343D4-D4B4-4391-B1C5-9EDBA38EFF44}.Debug|Any CPU.ActiveCfg = Debug|Any CPU
		{0F6343D4-D4B4-4391-B1C5-9EDBA38EFF44}.Debug|Any CPU.Build.0 = Debug|Any CPU
		{0F6343D4-D4B4-4391-B1C5-9EDBA38EFF44}.Release|Any CPU.ActiveCfg = Release|Any CPU
		{0F6343D4-D4B4-4391-B1C5-9EDBA38EFF44}.Release|Any CPU.Build.0 = Release|Any CPU
	EndGlobalSection
	GlobalSection(SolutionProperties) = preSolution
		HideSolutionNode = FALSE
	EndGlobalSection
	GlobalSection(ExtensibilityGlobals) = postSolution
		SolutionGuid = {D2F145FB-D38A-40B3-8017-31941AC295AB}
	EndGlobalSection
EndGlobal
